
Microsoft Visual Studio Solution File, Format Version 12.00
# Visual Studio Version 17
VisualStudioVersion = 17.7.34018.315
MinimumVisualStudioVersion = 10.0.40219.1
Project("{FAE04EC0-301F-11D3-BF4B-00C04F79EFBC}") = "Examen", "Examen.csproj", "{F07B8F4B-43CD-4427-B35E-E6D0146B43EA}"
EndProject
Project("{FAE04EC0-301F-11D3-BF4B-00C04F79EFBC}") = "BibliotecaClases", "..\BibliotecaClases\BibliotecaClases.csproj", "{EEAAA322-2FEE-4174-9FD9-1A52837C5163}"
EndProject
Project("{FAE04EC0-301F-11D3-BF4B-00C04F79EFBC}") = "FormularioPrincipal", "..\FormularioPrincipal\FormularioPrincipal.csproj", "{4651D637-8313-4730-9863-409C8A28917E}"
EndProject
Global
	GlobalSection(SolutionConfigurationPlatforms) = preSolution
		Debug|Any CPU = Debug|Any CPU
		Release|Any CPU = Release|Any CPU
	EndGlobalSection
	GlobalSection(ProjectConfigurationPlatforms) = postSolution
		{F07B8F4B-43CD-4427-B35E-E6D0146B43EA}.Debug|Any CPU.ActiveCfg = Debug|Any CPU
		{F07B8F4B-43CD-4427-B35E-E6D0146B43EA}.Debug|Any CPU.Build.0 = Debug|Any CPU
		{F07B8F4B-43CD-4427-B35E-E6D0146B43EA}.Release|Any CPU.ActiveCfg = Release|Any CPU
		{F07B8F4B-43CD-4427-B35E-E6D0146B43EA}.Release|Any CPU.Build.0 = Release|Any CPU
		{EEAAA322-2FEE-4174-9FD9-1A52837C5163}.Debug|Any CPU.ActiveCfg = Debug|Any CPU
		{EEAAA322-2FEE-4174-9FD9-1A52837C5163}.Debug|Any CPU.Build.0 = Debug|Any CPU
		{EEAAA322-2FEE-4174-9FD9-1A52837C5163}.Release|Any CPU.ActiveCfg = Release|Any CPU
		{EEAAA322-2FEE-4174-9FD9-1A52837C5163}.Release|Any CPU.Build.0 = Release|Any CPU
		{4651D637-8313-4730-9863-409C8A28917E}.Debug|Any CPU.ActiveCfg = Debug|Any CPU
		{4651D637-8313-4730-9863-409C8A28917E}.Debug|Any CPU.Build.0 = Debug|Any CPU
		{4651D637-8313-4730-9863-409C8A28917E}.Release|Any CPU.ActiveCfg = Release|Any CPU
		{4651D637-8313-4730-9863-409C8A28917E}.Release|Any CPU.Build.0 = Release|Any CPU
	EndGlobalSection
	GlobalSection(SolutionProperties) = preSolution
		HideSolutionNode = FALSE
	EndGlobalSection
	GlobalSection(ExtensibilityGlobals) = postSolution
		SolutionGuid = {2C879E5B-134E-4575-AA1C-7230FE229392}
	EndGlobalSection
EndGlobal
